// !$*UTF8*$!
{
	archiveVersion = 1;
	classes = {
	};
	objectVersion = 46;
	objects = {

/* Begin PBXBuildFile section */
		04DB476C1C57502A00B2236C /* main.m in Sources */ = {isa = PBXBuildFile; fileRef = 04DB476B1C57502A00B2236C /* main.m */; };
		04DB476F1C57502A00B2236C /* AppDelegate.m in Sources */ = {isa = PBXBuildFile; fileRef = 04DB476E1C57502A00B2236C /* AppDelegate.m */; };
		04DB47721C57502A00B2236C /* ZBGitHub.xcdatamodeld in Sources */ = {isa = PBXBuildFile; fileRef = 04DB47701C57502A00B2236C /* ZBGitHub.xcdatamodeld */; };
		04DB47751C57502A00B2236C /* ViewController.m in Sources */ = {isa = PBXBuildFile; fileRef = 04DB47741C57502A00B2236C /* ViewController.m */; };
		04DB47781C57502A00B2236C /* Main.storyboard in Resources */ = {isa = PBXBuildFile; fileRef = 04DB47761C57502A00B2236C /* Main.storyboard */; };
		04DB477A1C57502A00B2236C /* Images.xcassets in Resources */ = {isa = PBXBuildFile; fileRef = 04DB47791C57502A00B2236C /* Images.xcassets */; };
		04DB477D1C57502A00B2236C /* LaunchScreen.xib in Resources */ = {isa = PBXBuildFile; fileRef = 04DB477B1C57502A00B2236C /* LaunchScreen.xib */; };
		04DB47891C57502A00B2236C /* ZBGitHubTests.m in Sources */ = {isa = PBXBuildFile; fileRef = 04DB47881C57502A00B2236C /* ZBGitHubTests.m */; };
/* End PBXBuildFile section */

/* Begin PBXContainerItemProxy section */
		04DB47831C57502A00B2236C /* PBXContainerItemProxy */ = {
			isa = PBXContainerItemProxy;
			containerPortal = 04DB475E1C57502A00B2236C /* Project object */;
			proxyType = 1;
			remoteGlobalIDString = 04DB47651C57502A00B2236C;
			remoteInfo = ZBGitHub;
		};
/* End PBXContainerItemProxy section */

/* Begin PBXFileReference section */
		04DB47661C57502A00B2236C /* ZBGitHub.app */ = {isa = PBXFileReference; explicitFileType = wrapper.application; includeInIndex = 0; path = ZBGitHub.app; sourceTree = BUILT_PRODUCTS_DIR; };
		04DB476A1C57502A00B2236C /* Info.plist */ = {isa = PBXFileReference; lastKnownFileType = text.plist.xml; path = Info.plist; sourceTree = "<group>"; };
		04DB476B1C57502A00B2236C /* main.m */ = {isa = PBXFileReference; lastKnownFileType = sourcecode.c.objc; path = main.m; sourceTree = "<group>"; };
		04DB476D1C57502A00B2236C /* AppDelegate.h */ = {isa = PBXFileReference; lastKnownFileType = sourcecode.c.h; path = AppDelegate.h; sourceTree = "<group>"; };
		04DB476E1C57502A00B2236C /* AppDelegate.m */ = {isa = PBXFileReference; lastKnownFileType = sourcecode.c.objc; path = AppDelegate.m; sourceTree = "<group>"; };
		04DB47711C57502A00B2236C /* ZBGitHub.xcdatamodel */ = {isa = PBXFileReference; lastKnownFileType = wrapper.xcdatamodel; path = ZBGitHub.xcdatamodel; sourceTree = "<group>"; };
		04DB47731C57502A00B2236C /* ViewController.h */ = {isa = PBXFileReference; lastKnownFileType = sourcecode.c.h; path = ViewController.h; sourceTree = "<group>"; };
		04DB47741C57502A00B2236C /* ViewController.m */ = {isa = PBXFileReference; lastKnownFileType = sourcecode.c.objc; path = ViewController.m; sourceTree = "<group>"; };
		04DB47771C57502A00B2236C /* Base */ = {isa = PBXFileReference; lastKnownFileType = file.storyboard; name = Base; path = Base.lproj/Main.storyboard; sourceTree = "<group>"; };
		04DB47791C57502A00B2236C /* Images.xcassets */ = {isa = PBXFileReference; lastKnownFileType = folder.assetcatalog; path = Images.xcassets; sourceTree = "<group>"; };
		04DB477C1C57502A00B2236C /* Base */ = {isa = PBXFileReference; lastKnownFileType = file.xib; name = Base; path = Base.lproj/LaunchScreen.xib; sourceTree = "<group>"; };
		04DB47821C57502A00B2236C /* ZBGitHubTests.xctest */ = {isa = PBXFileReference; explicitFileType = wrapper.cfbundle; includeInIndex = 0; path = ZBGitHubTests.xctest; sourceTree = BUILT_PRODUCTS_DIR; };
		04DB47871C57502A00B2236C /* Info.plist */ = {isa = PBXFileReference; lastKnownFileType = text.plist.xml; path = Info.plist; sourceTree = "<group>"; };
		04DB47881C57502A00B2236C /* ZBGitHubTests.m */ = {isa = PBXFileReference; lastKnownFileType = sourcecode.c.objc; path = ZBGitHubTests.m; sourceTree = "<group>"; };
/* End PBXFileReference section */

/* Begin PBXFrameworksBuildPhase section */
		04DB47631C57502A00B2236C /* Frameworks */ = {
			isa = PBXFrameworksBuildPhase;
			buildActionMask = 2147483647;
			files = (
			);
			runOnlyForDeploymentPostprocessing = 0;
		};
		04DB477F1C57502A00B2236C /* Frameworks */ = {
			isa = PBXFrameworksBuildPhase;
			buildActionMask = 2147483647;
			files = (
			);
			runOnlyForDeploymentPostprocessing = 0;
		};
/* End PBXFrameworksBuildPhase section */

/* Begin PBXGroup section */
		04DB475D1C57502A00B2236C = {
			isa = PBXGroup;
			children = (
				04DB47681C57502A00B2236C /* ZBGitHub */,
				04DB47851C57502A00B2236C /* ZBGitHubTests */,
				04DB47671C57502A00B2236C /* Products */,
			);
			sourceTree = "<group>";
		};
		04DB47671C57502A00B2236C /* Products */ = {
			isa = PBXGroup;
			children = (
				04DB47661C57502A00B2236C /* ZBGitHub.app */,
				04DB47821C57502A00B2236C /* ZBGitHubTests.xctest */,
			);
			name = Products;
			sourceTree = "<group>";
		};
		04DB47681C57502A00B2236C /* ZBGitHub */ = {
			isa = PBXGroup;
			children = (
				04DB476D1C57502A00B2236C /* AppDelegate.h */,
				04DB476E1C57502A00B2236C /* AppDelegate.m */,
				04DB47731C57502A00B2236C /* ViewController.h */,
				04DB47741C57502A00B2236C /* ViewController.m */,
				04DB47761C57502A00B2236C /* Main.storyboard */,
				04DB47791C57502A00B2236C /* Images.xcassets */,
				04DB477B1C57502A00B2236C /* LaunchScreen.xib */,
				04DB47701C57502A00B2236C /* ZBGitHub.xcdatamodeld */,
				04DB47691C57502A00B2236C /* Supporting Files */,
			);
			path = ZBGitHub;
			sourceTree = "<group>";
		};
		04DB47691C57502A00B2236C /* Supporting Files */ = {
			isa = PBXGroup;
			children = (
				04DB476A1C57502A00B2236C /* Info.plist */,
				04DB476B1C57502A00B2236C /* main.m */,
			);
			name = "Supporting Files";
			sourceTree = "<group>";
		};
		04DB47851C57502A00B2236C /* ZBGitHubTests */ = {
			isa = PBXGroup;
			children = (
				04DB47881C57502A00B2236C /* ZBGitHubTests.m */,
				04DB47861C57502A00B2236C /* Supporting Files */,
			);
			path = ZBGitHubTests;
			sourceTree = "<group>";
		};
		04DB47861C57502A00B2236C /* Supporting Files */ = {
			isa = PBXGroup;
			children = (
				04DB47871C57502A00B2236C /* Info.plist */,
			);
			name = "Supporting Files";
			sourceTree = "<group>";
		};
/* End PBXGroup section */

/* Begin PBXNativeTarget section */
		04DB47651C57502A00B2236C /* ZBGitHub */ = {
			isa = PBXNativeTarget;
			buildConfigurationList = 04DB478C1C57502A00B2236C /* Build configuration list for PBXNativeTarget "ZBGitHub" */;
			buildPhases = (
				04DB47621C57502A00B2236C /* Sources */,
				04DB47631C57502A00B2236C /* Frameworks */,
				04DB47641C57502A00B2236C /* Resources */,
			);
			buildRules = (
			);
			dependencies = (
			);
			name = ZBGitHub;
			productName = ZBGitHub;
			productReference = 04DB47661C57502A00B2236C /* ZBGitHub.app */;
			productType = "com.apple.product-type.application";
		};
		04DB47811C57502A00B2236C /* ZBGitHubTests */ = {
			isa = PBXNativeTarget;
			buildConfigurationList = 04DB478F1C57502A00B2236C /* Build configuration list for PBXNativeTarget "ZBGitHubTests" */;
			buildPhases = (
				04DB477E1C57502A00B2236C /* Sources */,
				04DB477F1C57502A00B2236C /* Frameworks */,
				04DB47801C57502A00B2236C /* Resources */,
			);
			buildRules = (
			);
			dependencies = (
				04DB47841C57502A00B2236C /* PBXTargetDependency */,
			);
			name = ZBGitHubTests;
			productName = ZBGitHubTests;
			productReference = 04DB47821C57502A00B2236C /* ZBGitHubTests.xctest */;
			productType = "com.apple.product-type.bundle.unit-test";
		};
/* End PBXNativeTarget section */

/* Begin PBXProject section */
		04DB475E1C57502A00B2236C /* Project object */ = {
			isa = PBXProject;
			attributes = {
				LastUpgradeCheck = 0600;
				ORGANIZATIONNAME = ZB;
				TargetAttributes = {
					04DB47651C57502A00B2236C = {
						CreatedOnToolsVersion = 6.0.1;
					};
					04DB47811C57502A00B2236C = {
						CreatedOnToolsVersion = 6.0.1;
						TestTargetID = 04DB47651C57502A00B2236C;
					};
				};
			};
			buildConfigurationList = 04DB47611C57502A00B2236C /* Build configuration list for PBXProject "ZBGitHub" */;
			compatibilityVersion = "Xcode 3.2";
			developmentRegion = English;
			hasScannedForEncodings = 0;
			knownRegions = (
				en,
				Base,
			);
			mainGroup = 04DB475D1C57502A00B2236C;
			productRefGroup = 04DB47671C57502A00B2236C /* Products */;
			projectDirPath = "";
			projectRoot = "";
			targets = (
				04DB47651C57502A00B2236C /* ZBGitHub */,
				04DB47811C57502A00B2236C /* ZBGitHubTests */,
			);
		};
/* End PBXProject section */

/* Begin PBXResourcesBuildPhase section */
		04DB47641C57502A00B2236C /* Resources */ = {
			isa = PBXResourcesBuildPhase;
			buildActionMask = 2147483647;
			files = (
				04DB47781C57502A00B2236C /* Main.storyboard in Resources */,
				04DB477D1C57502A00B2236C /* LaunchScreen.xib in Resources */,
				04DB477A1C57502A00B2236C /* Images.xcassets in Resources */,
			);
			runOnlyForDeploymentPostprocessing = 0;
		};
		04DB47801C57502A00B2236C /* Resources */ = {
			isa = PBXResourcesBuildPhase;
			buildActionMask = 2147483647;
			files = (
			);
			runOnlyForDeploymentPostprocessing = 0;
		};
/* End PBXResourcesBuildPhase section */

/* Begin PBXSourcesBuildPhase section */
		04DB47621C57502A00B2236C /* Sources */ = {
			isa = PBXSourcesBuildPhase;
			buildActionMask = 2147483647;
			files = (
				04DB476F1C57502A00B2236C /* AppDelegate.m in Sources */,
				04DB476C1C57502A00B2236C /* main.m in Sources */,
				04DB47751C57502A00B2236C /* ViewController.m in Sources */,
				04DB47721C57502A00B2236C /* ZBGitHub.xcdatamodeld in Sources */,
			);
			runOnlyForDeploymentPostprocessing = 0;
		};
		04DB477E1C57502A00B2236C /* Sources */ = {
			isa = PBXSourcesBuildPhase;
			buildActionMask = 2147483647;
			files = (
				04DB47891C57502A00B2236C /* ZBGitHubTests.m in Sources */,
			);
			runOnlyForDeploymentPostprocessing = 0;
		};
/* End PBXSourcesBuildPhase section */

/* Begin PBXTargetDependency section */
		04DB47841C57502A00B2236C /* PBXTargetDependency */ = {
			isa = PBXTargetDependency;
			target = 04DB47651C57502A00B2236C /* ZBGitHub */;
			targetProxy = 04DB47831C57502A00B2236C /* PBXContainerItemProxy */;
		};
/* End PBXTargetDependency section */

/* Begin PBXVariantGroup section */
		04DB47761C57502A00B2236C /* Main.storyboard */ = {
			isa = PBXVariantGroup;
			children = (
				04DB47771C57502A00B2236C /* Base */,
			);
			name = Main.storyboard;
			sourceTree = "<group>";
		};
		04DB477B1C57502A00B2236C /* LaunchScreen.xib */ = {
			isa = PBXVariantGroup;
			children = (
				04DB477C1C57502A00B2236C /* Base */,
			);
			name = LaunchScreen.xib;
			sourceTree = "<group>";
		};
/* End PBXVariantGroup section */

/* Begin XCBuildConfiguration section */
		04DB478A1C57502A00B2236C /* Debug */ = {
			isa = XCBuildConfiguration;
			buildSettings = {
				ALWAYS_SEARCH_USER_PATHS = NO;
				CLANG_CXX_LANGUAGE_STANDARD = "gnu++0x";
				CLANG_CXX_LIBRARY = "libc++";
				CLANG_ENABLE_MODULES = YES;
				CLANG_ENABLE_OBJC_ARC = YES;
				CLANG_WARN_BOOL_CONVERSION = YES;
				CLANG_WARN_CONSTANT_CONVERSION = YES;
				CLANG_WARN_DIRECT_OBJC_ISA_USAGE = YES_ERROR;
				CLANG_WARN_EMPTY_BODY = YES;
				CLANG_WARN_ENUM_CONVERSION = YES;
				CLANG_WARN_INT_CONVERSION = YES;
				CLANG_WARN_OBJC_ROOT_CLASS = YES_ERROR;
				CLANG_WARN_UNREACHABLE_CODE = YES;
				CLANG_WARN__DUPLICATE_METHOD_MATCH = YES;
				"CODE_SIGN_IDENTITY[sdk=iphoneos*]" = "iPhone Developer";
				COPY_PHASE_STRIP = NO;
				ENABLE_STRICT_OBJC_MSGSEND = YES;
				GCC_C_LANGUAGE_STANDARD = gnu99;
				GCC_DYNAMIC_NO_PIC = NO;
				GCC_OPTIMIZATION_LEVEL = 0;
				GCC_PREPROCESSOR_DEFINITIONS = (
					"DEBUG=1",
					"$(inherited)",
				);
				GCC_SYMBOLS_PRIVATE_EXTERN = NO;
				GCC_WARN_64_TO_32_BIT_CONVERSION = YES;
				GCC_WARN_ABOUT_RETURN_TYPE = YES_ERROR;
				GCC_WARN_UNDECLARED_SELECTOR = YES;
				GCC_WARN_UNINITIALIZED_AUTOS = YES_AGGRESSIVE;
				GCC_WARN_UNUSED_FUNCTION = YES;
				GCC_WARN_UNUSED_VARIABLE = YES;
				IPHONEOS_DEPLOYMENT_TARGET = 8.0;
				MTL_ENABLE_DEBUG_INFO = YES;
				ONLY_ACTIVE_ARCH = YES;
				SDKROOT = iphoneos;
			};
			name = Debug;
		};
		04DB478B1C57502A00B2236C /* Release */ = {
			isa = XCBuildConfiguration;
			buildSettings = {
				ALWAYS_SEARCH_USER_PATHS = NO;
				CLANG_CXX_LANGUAGE_STANDARD = "gnu++0x";
				CLANG_CXX_LIBRARY = "libc++";
				CLANG_ENABLE_MODULES = YES;
				CLANG_ENABLE_OBJC_ARC = YES;
				CLANG_WARN_BOOL_CONVERSION = YES;
				CLANG_WARN_CONSTANT_CONVERSION = YES;
				CLANG_WARN_DIRECT_OBJC_ISA_USAGE = YES_ERROR;
				CLANG_WARN_EMPTY_BODY = YES;
				CLANG_WARN_ENUM_CONVERSION = YES;
				CLANG_WARN_INT_CONVERSION = YES;
				CLANG_WARN_OBJC_ROOT_CLASS = YES_ERROR;
				CLANG_WARN_UNREACHABLE_CODE = YES;
				CLANG_WARN__DUPLICATE_METHOD_MATCH = YES;
				"CODE_SIGN_IDENTITY[sdk=iphoneos*]" = "iPhone Developer";
				COPY_PHASE_STRIP = YES;
				ENABLE_NS_ASSERTIONS = NO;
				ENABLE_STRICT_OBJC_MSGSEND = YES;
				GCC_C_LANGUAGE_STANDARD = gnu99;
				GCC_WARN_64_TO_32_BIT_CONVERSION = YES;
				GCC_WARN_ABOUT_RETURN_TYPE = YES_ERROR;
				GCC_WARN_UNDECLARED_SELECTOR = YES;
				GCC_WARN_UNINITIALIZED_AUTOS = YES_AGGRESSIVE;
				GCC_WARN_UNUSED_FUNCTION = YES;
				GCC_WARN_UNUSED_VARIABLE = YES;
				IPHONEOS_DEPLOYMENT_TARGET = 8.0;
				MTL_ENABLE_DEBUG_INFO = NO;
				SDKROOT = iphoneos;
				VALIDATE_PRODUCT = YES;
			};
			name = Release;
		};
		04DB478D1C57502A00B2236C /* Debug */ = {
			isa = XCBuildConfiguration;
			buildSettings = {
				ASSETCATALOG_COMPILER_APPICON_NAME = AppIcon;
				INFOPLIST_FILE = ZBGitHub/Info.plist;
				LD_RUNPATH_SEARCH_PATHS = "$(inherited) @executable_path/Frameworks";
				PRODUCT_NAME = "$(TARGET_NAME)";
			};
			name = Debug;
		};
		04DB478E1C57502A00B2236C /* Release */ = {
			isa = XCBuildConfiguration;
			buildSettings = {
				ASSETCATALOG_COMPILER_APPICON_NAME = AppIcon;
				INFOPLIST_FILE = ZBGitHub/Info.plist;
				LD_RUNPATH_SEARCH_PATHS = "$(inherited) @executable_path/Frameworks";
				PRODUCT_NAME = "$(TARGET_NAME)";
			};
			name = Release;
		};
		04DB47901C57502A00B2236C /* Debug */ = {
			isa = XCBuildConfiguration;
			buildSettings = {
				BUNDLE_LOADER = "$(TEST_HOST)";
				FRAMEWORK_SEARCH_PATHS = (
					"$(SDKROOT)/Developer/Library/Frameworks",
					"$(inherited)",
				);
				GCC_PREPROCESSOR_DEFINITIONS = (
					"DEBUG=1",
					"$(inherited)",
				);
				INFOPLIST_FILE = ZBGitHubTests/Info.plist;
				LD_RUNPATH_SEARCH_PATHS = "$(inherited) @executable_path/Frameworks @loader_path/Frameworks";
				PRODUCT_NAME = "$(TARGET_NAME)";
				TEST_HOST = "$(BUILT_PRODUCTS_DIR)/ZBGitHub.app/ZBGitHub";
			};
			name = Debug;
		};
		04DB47911C57502A00B2236C /* Release */ = {
			isa = XCBuildConfiguration;
			buildSettings = {
				BUNDLE_LOADER = "$(TEST_HOST)";
				FRAMEWORK_SEARCH_PATHS = (
					"$(SDKROOT)/Developer/Library/Frameworks",
					"$(inherited)",
				);
				INFOPLIST_FILE = ZBGitHubTests/Info.plist;
				LD_RUNPATH_SEARCH_PATHS = "$(inherited) @executable_path/Frameworks @loader_path/Frameworks";
				PRODUCT_NAME = "$(TARGET_NAME)";
				TEST_HOST = "$(BUILT_PRODUCTS_DIR)/ZBGitHub.app/ZBGitHub";
			};
			name = Release;
		};
/* End XCBuildConfiguration section */

/* Begin XCConfigurationList section */
		04DB47611C57502A00B2236C /* Build configuration list for PBXProject "ZBGitHub" */ = {
			isa = XCConfigurationList;
			buildConfigurations = (
				04DB478A1C57502A00B2236C /* Debug */,
				04DB478B1C57502A00B2236C /* Release */,
			);
			defaultConfigurationIsVisible = 0;
			defaultConfigurationName = Release;
		};
		04DB478C1C57502A00B2236C /* Build configuration list for PBXNativeTarget "ZBGitHub" */ = {
			isa = XCConfigurationList;
			buildConfigurations = (
				04DB478D1C57502A00B2236C /* Debug */,
				04DB478E1C57502A00B2236C /* Release */,
			);
			defaultConfigurationIsVisible = 0;
		};
		04DB478F1C57502A00B2236C /* Build configuration list for PBXNativeTarget "ZBGitHubTests" */ = {
			isa = XCConfigurationList;
			buildConfigurations = (
				04DB47901C57502A00B2236C /* Debug */,
				04DB47911C57502A00B2236C /* Release */,
			);
			defaultConfigurationIsVisible = 0;
		};
/* End XCConfigurationList section */

/* Begin XCVersionGroup section */
		04DB47701C57502A00B2236C /* ZBGitHub.xcdatamodeld */ = {
			isa = XCVersionGroup;
			children = (
				04DB47711C57502A00B2236C /* ZBGitHub.xcdatamodel */,
			);
			currentVersion = 04DB47711C57502A00B2236C /* ZBGitHub.xcdatamodel */;
			path = ZBGitHub.xcdatamodeld;
			sourceTree = "<group>";
			versionGroupType = wrapper.xcdatamodel;
		};
/* End XCVersionGroup section */
	};
	rootObject = 04DB475E1C57502A00B2236C /* Project object */;
}
